
Microsoft Visual Studio Solution File, Format Version 12.00
# Visual Studio Version 17
VisualStudioVersion = 17.6.33829.357
MinimumVisualStudioVersion = 10.0.40219.1
Project("{FAE04EC0-301F-11D3-BF4B-00C04F79EFBC}") = "SDAM Assignment", "SDAM Assignment.csproj", "{9F46131C-D8DD-485F-B78F-3A85D3EFC725}"
EndProject
Global
	GlobalSection(SolutionConfigurationPlatforms) = preSolution
		Debug|Any CPU = Debug|Any CPU
		Release|Any CPU = Release|Any CPU
	EndGlobalSection
	GlobalSection(ProjectConfigurationPlatforms) = postSolution
		{9F46131C-D8DD-485F-B78F-3A85D3EFC725}.Debug|Any CPU.ActiveCfg = Debug|Any CPU
		{9F46131C-D8DD-485F-B78F-3A85D3EFC725}.Debug|Any CPU.Build.0 = Debug|Any CPU
		{9F46131C-D8DD-485F-B78F-3A85D3EFC725}.Release|Any CPU.ActiveCfg = Release|Any CPU
		{9F46131C-D8DD-485F-B78F-3A85D3EFC725}.Release|Any CPU.Build.0 = Release|Any CPU
	EndGlobalSection
	GlobalSection(SolutionProperties) = preSolution
		HideSolutionNode = FALSE
	EndGlobalSection
	GlobalSection(ExtensibilityGlobals) = postSolution
		SolutionGuid = {0062F05A-3B62-4130-8966-FD73D1C4B1CE}
	EndGlobalSection
EndGlobal
